{
  "name": "leaflet-contextmenu-bootstrap",
  "version": "1.5.4",
  "lockfileVersion": 2,
  "requires": true,
  "packages": {
    "": {
      "name": "leaflet-contextmenu-bootstrap",
      "version": "1.5.4",
      "license": "MIT",
      "devDependencies": {
        "uglify-js": "^3.15.1",
        "uglifycss": "^0.0.25"
      }
    },
    "node_modules/uglify-js": {
      "version": "3.15.1",
      "resolved": "https://registry.npmjs.org/uglify-js/-/uglify-js-3.15.1.tgz",
      "integrity": "sha512-FAGKF12fWdkpvNJZENacOH0e/83eG6JyVQyanIJaBXCN1J11TUQv1T1/z8S+Z0CG0ZPk1nPcreF/c7lrTd0TEQ==",
      "dev": true,
      "bin": {
        "uglifyjs": "bin/uglifyjs"
      },
      "engines": {
        "node": ">=0.8.0"
      }
    },
    "node_modules/uglifycss": {
      "version": "0.0.25",
      "resolved": "https://registry.npmjs.org/uglifycss/-/uglifycss-0.0.25.tgz",
      "integrity": "sha1-vqcr9JeerO8TowLPR7LRrz80QZc=",
      "dev": true,
      "bin": {
        "uglifycss": "uglifycss"
      }
    }
  },
  "dependencies": {
    "uglify-js": {
      "version": "3.15.1",
      "resolved": "https://registry.npmjs.org/uglify-js/-/uglify-js-3.15.1.tgz",
      "integrity": "sha512-FAGKF12fWdkpvNJZENacOH0e/83eG6JyVQyanIJaBXCN1J11TUQv1T1/z8S+Z0CG0ZPk1nPcreF/c7lrTd0TEQ==",
      "dev": true
    },
    "uglifycss": {
      "version": "0.0.25",
      "resolved": "https://registry.npmjs.org/uglifycss/-/uglifycss-0.0.25.tgz",
      "integrity": "sha1-vqcr9JeerO8TowLPR7LRrz80QZc=",
      "dev": true
    }
  }
}
